
Microsoft Visual Studio Solution File, Format Version 12.00
# Visual Studio Version 17
VisualStudioVersion = 17.4.33122.133
MinimumVisualStudioVersion = 10.0.40219.1
Project("{FAE04EC0-301F-11D3-BF4B-00C04F79EFBC}") = "Recognition.Domain", "Core\Recognition.Domain\Recognition.Domain.csproj", "{516AD0C1-D2CF-430F-9489-5005DA9E0B8F}"
EndProject
Project("{FAE04EC0-301F-11D3-BF4B-00C04F79EFBC}") = "Recognition.Application", "Core\Recognition.Application\Recognition.Application.csproj", "{DE3D1893-96F8-4E12-B8FD-F15E9CFF477C}"
EndProject
Project("{FAE04EC0-301F-11D3-BF4B-00C04F79EFBC}") = "Recognition.Infrastructure", "Infrastructure\Recognition.Infrastructure\Recognition.Infrastructure.csproj", "{78F8A4EA-9745-4FC5-A3C3-2CAE781A32A2}"
EndProject
Project("{FAE04EC0-301F-11D3-BF4B-00C04F79EFBC}") = "Recognition.Presistance", "Infrastructure\Recognition.Presistance\Recognition.Presistance.csproj", "{C236F9FA-A7FA-42E3-82B6-0107CFA03AD5}"
EndProject
Project("{FAE04EC0-301F-11D3-BF4B-00C04F79EFBC}") = "Recognition.Web.API", "Presentation\Recognition.Web.API\Recognition.Web.API.csproj", "{BE9F4EB4-8497-43C0-897A-929511B55276}"
EndProject
Global
	GlobalSection(SolutionConfigurationPlatforms) = preSolution
		Debug|Any CPU = Debug|Any CPU
		Release|Any CPU = Release|Any CPU
	EndGlobalSection
	GlobalSection(ProjectConfigurationPlatforms) = postSolution
		{516AD0C1-D2CF-430F-9489-5005DA9E0B8F}.Debug|Any CPU.ActiveCfg = Debug|Any CPU
		{516AD0C1-D2CF-430F-9489-5005DA9E0B8F}.Debug|Any CPU.Build.0 = Debug|Any CPU
		{516AD0C1-D2CF-430F-9489-5005DA9E0B8F}.Release|Any CPU.ActiveCfg = Release|Any CPU
		{516AD0C1-D2CF-430F-9489-5005DA9E0B8F}.Release|Any CPU.Build.0 = Release|Any CPU
		{DE3D1893-96F8-4E12-B8FD-F15E9CFF477C}.Debug|Any CPU.ActiveCfg = Debug|Any CPU
		{DE3D1893-96F8-4E12-B8FD-F15E9CFF477C}.Debug|Any CPU.Build.0 = Debug|Any CPU
		{DE3D1893-96F8-4E12-B8FD-F15E9CFF477C}.Release|Any CPU.ActiveCfg = Release|Any CPU
		{DE3D1893-96F8-4E12-B8FD-F15E9CFF477C}.Release|Any CPU.Build.0 = Release|Any CPU
		{78F8A4EA-9745-4FC5-A3C3-2CAE781A32A2}.Debug|Any CPU.ActiveCfg = Debug|Any CPU
		{78F8A4EA-9745-4FC5-A3C3-2CAE781A32A2}.Debug|Any CPU.Build.0 = Debug|Any CPU
		{78F8A4EA-9745-4FC5-A3C3-2CAE781A32A2}.Release|Any CPU.ActiveCfg = Release|Any CPU
		{78F8A4EA-9745-4FC5-A3C3-2CAE781A32A2}.Release|Any CPU.Build.0 = Release|Any CPU
		{C236F9FA-A7FA-42E3-82B6-0107CFA03AD5}.Debug|Any CPU.ActiveCfg = Debug|Any CPU
		{C236F9FA-A7FA-42E3-82B6-0107CFA03AD5}.Debug|Any CPU.Build.0 = Debug|Any CPU
		{C236F9FA-A7FA-42E3-82B6-0107CFA03AD5}.Release|Any CPU.ActiveCfg = Release|Any CPU
		{C236F9FA-A7FA-42E3-82B6-0107CFA03AD5}.Release|Any CPU.Build.0 = Release|Any CPU
		{BE9F4EB4-8497-43C0-897A-929511B55276}.Debug|Any CPU.ActiveCfg = Debug|Any CPU
		{BE9F4EB4-8497-43C0-897A-929511B55276}.Debug|Any CPU.Build.0 = Debug|Any CPU
		{BE9F4EB4-8497-43C0-897A-929511B55276}.Release|Any CPU.ActiveCfg = Release|Any CPU
		{BE9F4EB4-8497-43C0-897A-929511B55276}.Release|Any CPU.Build.0 = Release|Any CPU
	EndGlobalSection
	GlobalSection(SolutionProperties) = preSolution
		HideSolutionNode = FALSE
	EndGlobalSection
	GlobalSection(ExtensibilityGlobals) = postSolution
		SolutionGuid = {16ACFF53-12AE-4769-95BB-FA47E749474B}
	EndGlobalSection
EndGlobal
